// !$*UTF8*$!
{
	archiveVersion = 1;
	classes = {
	};
	objectVersion = 55;
	objects = {

/* Begin PBXBuildFile section */
		B522A8EE2825FAD9008E61A0 /* AuthResponse.swift in Sources */ = {isa = PBXBuildFile; fileRef = B522A8ED2825FAD9008E61A0 /* AuthResponse.swift */; };
		B5A42C3D28259C52004B4DE0 /* TabBarViewController.swift in Sources */ = {isa = PBXBuildFile; fileRef = B5A42C3C28259C52004B4DE0 /* TabBarViewController.swift */; };
		B5A42C3F28259C7E004B4DE0 /* SearchViewController.swift in Sources */ = {isa = PBXBuildFile; fileRef = B5A42C3E28259C7E004B4DE0 /* SearchViewController.swift */; };
		B5A42C4128259C97004B4DE0 /* LibraryViewController.swift in Sources */ = {isa = PBXBuildFile; fileRef = B5A42C4028259C97004B4DE0 /* LibraryViewController.swift */; };
		B5A42C4528259D0B004B4DE0 /* AuthViewController.swift in Sources */ = {isa = PBXBuildFile; fileRef = B5A42C4428259D0B004B4DE0 /* AuthViewController.swift */; };
		B5A42C4728259D1F004B4DE0 /* WelcomeViewController.swift in Sources */ = {isa = PBXBuildFile; fileRef = B5A42C4628259D1F004B4DE0 /* WelcomeViewController.swift */; };
		B5A42C4928259D38004B4DE0 /* SettingsViewController.swift in Sources */ = {isa = PBXBuildFile; fileRef = B5A42C4828259D38004B4DE0 /* SettingsViewController.swift */; };
		B5A42C4B28259D46004B4DE0 /* ProfileViewController.swift in Sources */ = {isa = PBXBuildFile; fileRef = B5A42C4A28259D46004B4DE0 /* ProfileViewController.swift */; };
		B5A42C4D28259D54004B4DE0 /* PlayerViewController.swift in Sources */ = {isa = PBXBuildFile; fileRef = B5A42C4C28259D54004B4DE0 /* PlayerViewController.swift */; };
		B5A42C4F28259D6E004B4DE0 /* PlaylistViewController.swift in Sources */ = {isa = PBXBuildFile; fileRef = B5A42C4E28259D6E004B4DE0 /* PlaylistViewController.swift */; };
		B5A42C5128259D8A004B4DE0 /* SearchResultViewController.swift in Sources */ = {isa = PBXBuildFile; fileRef = B5A42C5028259D8A004B4DE0 /* SearchResultViewController.swift */; };
		B5A42C5328259DCA004B4DE0 /* AuthManager.swift in Sources */ = {isa = PBXBuildFile; fileRef = B5A42C5228259DCA004B4DE0 /* AuthManager.swift */; };
		B5A42C5528259DDC004B4DE0 /* APICaller.swift in Sources */ = {isa = PBXBuildFile; fileRef = B5A42C5428259DDC004B4DE0 /* APICaller.swift */; };
		B5A42C5728259DF0004B4DE0 /* HapticsManager.swift in Sources */ = {isa = PBXBuildFile; fileRef = B5A42C5628259DF0004B4DE0 /* HapticsManager.swift */; };
		B5A42C5928259E1E004B4DE0 /* Playlist.swift in Sources */ = {isa = PBXBuildFile; fileRef = B5A42C5828259E1E004B4DE0 /* Playlist.swift */; };
		B5A42C5B28259E31004B4DE0 /* AudioTrack.swift in Sources */ = {isa = PBXBuildFile; fileRef = B5A42C5A28259E31004B4DE0 /* AudioTrack.swift */; };
		B5A42C5D28259E3F004B4DE0 /* Artist.swift in Sources */ = {isa = PBXBuildFile; fileRef = B5A42C5C28259E3F004B4DE0 /* Artist.swift */; };
		B5A42C5F28259E5A004B4DE0 /* UserProfile.swift in Sources */ = {isa = PBXBuildFile; fileRef = B5A42C5E28259E5A004B4DE0 /* UserProfile.swift */; };
		B5A42C612825A95C004B4DE0 /* Extensions.swift in Sources */ = {isa = PBXBuildFile; fileRef = B5A42C602825A95C004B4DE0 /* Extensions.swift */; };
		B5AF92802805172300455208 /* AppDelegate.swift in Sources */ = {isa = PBXBuildFile; fileRef = B5AF927F2805172300455208 /* AppDelegate.swift */; };
		B5AF92822805172300455208 /* SceneDelegate.swift in Sources */ = {isa = PBXBuildFile; fileRef = B5AF92812805172300455208 /* SceneDelegate.swift */; };
		B5AF92842805172300455208 /* HomeViewController.swift in Sources */ = {isa = PBXBuildFile; fileRef = B5AF92832805172300455208 /* HomeViewController.swift */; };
		B5AF92892805172600455208 /* Assets.xcassets in Resources */ = {isa = PBXBuildFile; fileRef = B5AF92882805172600455208 /* Assets.xcassets */; };
		B5AF928C2805172600455208 /* LaunchScreen.storyboard in Resources */ = {isa = PBXBuildFile; fileRef = B5AF928A2805172600455208 /* LaunchScreen.storyboard */; };
		B5AF92972805172600455208 /* SpotifyTests.swift in Sources */ = {isa = PBXBuildFile; fileRef = B5AF92962805172600455208 /* SpotifyTests.swift */; };
		B5AF92A12805172600455208 /* SpotifyUITests.swift in Sources */ = {isa = PBXBuildFile; fileRef = B5AF92A02805172600455208 /* SpotifyUITests.swift */; };
		B5AF92A32805172600455208 /* SpotifyUITestsLaunchTests.swift in Sources */ = {isa = PBXBuildFile; fileRef = B5AF92A22805172600455208 /* SpotifyUITestsLaunchTests.swift */; };
/* End PBXBuildFile section */

/* Begin PBXContainerItemProxy section */
		B5AF92932805172600455208 /* PBXContainerItemProxy */ = {
			isa = PBXContainerItemProxy;
			containerPortal = B5AF92742805172300455208 /* Project object */;
			proxyType = 1;
			remoteGlobalIDString = B5AF927B2805172300455208;
			remoteInfo = Spotify;
		};
		B5AF929D2805172600455208 /* PBXContainerItemProxy */ = {
			isa = PBXContainerItemProxy;
			containerPortal = B5AF92742805172300455208 /* Project object */;
			proxyType = 1;
			remoteGlobalIDString = B5AF927B2805172300455208;
			remoteInfo = Spotify;
		};
/* End PBXContainerItemProxy section */

/* Begin PBXFileReference section */
		B522A8ED2825FAD9008E61A0 /* AuthResponse.swift */ = {isa = PBXFileReference; lastKnownFileType = sourcecode.swift; path = AuthResponse.swift; sourceTree = "<group>"; };
		B5A42C3C28259C52004B4DE0 /* TabBarViewController.swift */ = {isa = PBXFileReference; lastKnownFileType = sourcecode.swift; path = TabBarViewController.swift; sourceTree = "<group>"; };
		B5A42C3E28259C7E004B4DE0 /* SearchViewController.swift */ = {isa = PBXFileReference; lastKnownFileType = sourcecode.swift; path = SearchViewController.swift; sourceTree = "<group>"; };
		B5A42C4028259C97004B4DE0 /* LibraryViewController.swift */ = {isa = PBXFileReference; lastKnownFileType = sourcecode.swift; path = LibraryViewController.swift; sourceTree = "<group>"; };
		B5A42C4428259D0B004B4DE0 /* AuthViewController.swift */ = {isa = PBXFileReference; lastKnownFileType = sourcecode.swift; path = AuthViewController.swift; sourceTree = "<group>"; };
		B5A42C4628259D1F004B4DE0 /* WelcomeViewController.swift */ = {isa = PBXFileReference; lastKnownFileType = sourcecode.swift; path = WelcomeViewController.swift; sourceTree = "<group>"; };
		B5A42C4828259D38004B4DE0 /* SettingsViewController.swift */ = {isa = PBXFileReference; lastKnownFileType = sourcecode.swift; path = SettingsViewController.swift; sourceTree = "<group>"; };
		B5A42C4A28259D46004B4DE0 /* ProfileViewController.swift */ = {isa = PBXFileReference; lastKnownFileType = sourcecode.swift; path = ProfileViewController.swift; sourceTree = "<group>"; };
		B5A42C4C28259D54004B4DE0 /* PlayerViewController.swift */ = {isa = PBXFileReference; lastKnownFileType = sourcecode.swift; path = PlayerViewController.swift; sourceTree = "<group>"; };
		B5A42C4E28259D6E004B4DE0 /* PlaylistViewController.swift */ = {isa = PBXFileReference; lastKnownFileType = sourcecode.swift; path = PlaylistViewController.swift; sourceTree = "<group>"; };
		B5A42C5028259D8A004B4DE0 /* SearchResultViewController.swift */ = {isa = PBXFileReference; lastKnownFileType = sourcecode.swift; path = SearchResultViewController.swift; sourceTree = "<group>"; };
		B5A42C5228259DCA004B4DE0 /* AuthManager.swift */ = {isa = PBXFileReference; lastKnownFileType = sourcecode.swift; path = AuthManager.swift; sourceTree = "<group>"; };
		B5A42C5428259DDC004B4DE0 /* APICaller.swift */ = {isa = PBXFileReference; lastKnownFileType = sourcecode.swift; path = APICaller.swift; sourceTree = "<group>"; };
		B5A42C5628259DF0004B4DE0 /* HapticsManager.swift */ = {isa = PBXFileReference; lastKnownFileType = sourcecode.swift; path = HapticsManager.swift; sourceTree = "<group>"; };
		B5A42C5828259E1E004B4DE0 /* Playlist.swift */ = {isa = PBXFileReference; lastKnownFileType = sourcecode.swift; path = Playlist.swift; sourceTree = "<group>"; };
		B5A42C5A28259E31004B4DE0 /* AudioTrack.swift */ = {isa = PBXFileReference; lastKnownFileType = sourcecode.swift; path = AudioTrack.swift; sourceTree = "<group>"; };
		B5A42C5C28259E3F004B4DE0 /* Artist.swift */ = {isa = PBXFileReference; lastKnownFileType = sourcecode.swift; path = Artist.swift; sourceTree = "<group>"; };
		B5A42C5E28259E5A004B4DE0 /* UserProfile.swift */ = {isa = PBXFileReference; lastKnownFileType = sourcecode.swift; path = UserProfile.swift; sourceTree = "<group>"; };
		B5A42C602825A95C004B4DE0 /* Extensions.swift */ = {isa = PBXFileReference; lastKnownFileType = sourcecode.swift; path = Extensions.swift; sourceTree = "<group>"; };
		B5AF927C2805172300455208 /* Spotify.app */ = {isa = PBXFileReference; explicitFileType = wrapper.application; includeInIndex = 0; path = Spotify.app; sourceTree = BUILT_PRODUCTS_DIR; };
		B5AF927F2805172300455208 /* AppDelegate.swift */ = {isa = PBXFileReference; lastKnownFileType = sourcecode.swift; path = AppDelegate.swift; sourceTree = "<group>"; };
		B5AF92812805172300455208 /* SceneDelegate.swift */ = {isa = PBXFileReference; lastKnownFileType = sourcecode.swift; path = SceneDelegate.swift; sourceTree = "<group>"; };
		B5AF92832805172300455208 /* HomeViewController.swift */ = {isa = PBXFileReference; lastKnownFileType = sourcecode.swift; path = HomeViewController.swift; sourceTree = "<group>"; };
		B5AF92882805172600455208 /* Assets.xcassets */ = {isa = PBXFileReference; lastKnownFileType = folder.assetcatalog; path = Assets.xcassets; sourceTree = "<group>"; };
		B5AF928B2805172600455208 /* Base */ = {isa = PBXFileReference; lastKnownFileType = file.storyboard; name = Base; path = Base.lproj/LaunchScreen.storyboard; sourceTree = "<group>"; };
		B5AF928D2805172600455208 /* Info.plist */ = {isa = PBXFileReference; lastKnownFileType = text.plist.xml; path = Info.plist; sourceTree = "<group>"; };
		B5AF92922805172600455208 /* SpotifyTests.xctest */ = {isa = PBXFileReference; explicitFileType = wrapper.cfbundle; includeInIndex = 0; path = SpotifyTests.xctest; sourceTree = BUILT_PRODUCTS_DIR; };
		B5AF92962805172600455208 /* SpotifyTests.swift */ = {isa = PBXFileReference; lastKnownFileType = sourcecode.swift; path = SpotifyTests.swift; sourceTree = "<group>"; };
		B5AF929C2805172600455208 /* SpotifyUITests.xctest */ = {isa = PBXFileReference; explicitFileType = wrapper.cfbundle; includeInIndex = 0; path = SpotifyUITests.xctest; sourceTree = BUILT_PRODUCTS_DIR; };
		B5AF92A02805172600455208 /* SpotifyUITests.swift */ = {isa = PBXFileReference; lastKnownFileType = sourcecode.swift; path = SpotifyUITests.swift; sourceTree = "<group>"; };
		B5AF92A22805172600455208 /* SpotifyUITestsLaunchTests.swift */ = {isa = PBXFileReference; lastKnownFileType = sourcecode.swift; path = SpotifyUITestsLaunchTests.swift; sourceTree = "<group>"; };
/* End PBXFileReference section */

/* Begin PBXFrameworksBuildPhase section */
		B5AF92792805172300455208 /* Frameworks */ = {
			isa = PBXFrameworksBuildPhase;
			buildActionMask = 2147483647;
			files = (
			);
			runOnlyForDeploymentPostprocessing = 0;
		};
		B5AF928F2805172600455208 /* Frameworks */ = {
			isa = PBXFrameworksBuildPhase;
			buildActionMask = 2147483647;
			files = (
			);
			runOnlyForDeploymentPostprocessing = 0;
		};
		B5AF92992805172600455208 /* Frameworks */ = {
			isa = PBXFrameworksBuildPhase;
			buildActionMask = 2147483647;
			files = (
			);
			runOnlyForDeploymentPostprocessing = 0;
		};
/* End PBXFrameworksBuildPhase section */

/* Begin PBXGroup section */
		B5A42C3628259971004B4DE0 /* Controllers */ = {
			isa = PBXGroup;
			children = (
				B5A42C4328259CE1004B4DE0 /* Other */,
				B5A42C4228259CD0004B4DE0 /* Core */,
			);
			path = Controllers;
			sourceTree = "<group>";
		};
		B5A42C372825997D004B4DE0 /* Views */ = {
			isa = PBXGroup;
			children = (
				B5AF928A2805172600455208 /* LaunchScreen.storyboard */,
			);
			path = Views;
			sourceTree = "<group>";
		};
		B5A42C3828259987004B4DE0 /* Models */ = {
			isa = PBXGroup;
			children = (
				B5A42C5828259E1E004B4DE0 /* Playlist.swift */,
				B5A42C5A28259E31004B4DE0 /* AudioTrack.swift */,
				B5A42C5C28259E3F004B4DE0 /* Artist.swift */,
				B5A42C5E28259E5A004B4DE0 /* UserProfile.swift */,
				B522A8ED2825FAD9008E61A0 /* AuthResponse.swift */,
			);
			path = Models;
			sourceTree = "<group>";
		};
		B5A42C3928259997004B4DE0 /* ViewModels */ = {
			isa = PBXGroup;
			children = (
			);
			path = ViewModels;
			sourceTree = "<group>";
		};
		B5A42C3A282599A5004B4DE0 /* Managers */ = {
			isa = PBXGroup;
			children = (
				B5A42C5228259DCA004B4DE0 /* AuthManager.swift */,
				B5A42C5428259DDC004B4DE0 /* APICaller.swift */,
				B5A42C5628259DF0004B4DE0 /* HapticsManager.swift */,
			);
			path = Managers;
			sourceTree = "<group>";
		};
		B5A42C3B282599BB004B4DE0 /* Resources */ = {
			isa = PBXGroup;
			children = (
				B5AF92882805172600455208 /* Assets.xcassets */,
				B5AF927F2805172300455208 /* AppDelegate.swift */,
				B5AF92812805172300455208 /* SceneDelegate.swift */,
				B5A42C602825A95C004B4DE0 /* Extensions.swift */,
			);
			path = Resources;
			sourceTree = "<group>";
		};
		B5A42C4228259CD0004B4DE0 /* Core */ = {
			isa = PBXGroup;
			children = (
				B5A42C3C28259C52004B4DE0 /* TabBarViewController.swift */,
				B5AF92832805172300455208 /* HomeViewController.swift */,
				B5A42C3E28259C7E004B4DE0 /* SearchViewController.swift */,
				B5A42C4028259C97004B4DE0 /* LibraryViewController.swift */,
			);
			path = Core;
			sourceTree = "<group>";
		};
		B5A42C4328259CE1004B4DE0 /* Other */ = {
			isa = PBXGroup;
			children = (
				B5A42C4428259D0B004B4DE0 /* AuthViewController.swift */,
				B5A42C4628259D1F004B4DE0 /* WelcomeViewController.swift */,
				B5A42C4828259D38004B4DE0 /* SettingsViewController.swift */,
				B5A42C4A28259D46004B4DE0 /* ProfileViewController.swift */,
				B5A42C4C28259D54004B4DE0 /* PlayerViewController.swift */,
				B5A42C4E28259D6E004B4DE0 /* PlaylistViewController.swift */,
				B5A42C5028259D8A004B4DE0 /* SearchResultViewController.swift */,
			);
			path = Other;
			sourceTree = "<group>";
		};
		B5AF92732805172300455208 = {
			isa = PBXGroup;
			children = (
				B5AF927E2805172300455208 /* Spotify */,
				B5AF92952805172600455208 /* SpotifyTests */,
				B5AF929F2805172600455208 /* SpotifyUITests */,
				B5AF927D2805172300455208 /* Products */,
			);
			sourceTree = "<group>";
		};
		B5AF927D2805172300455208 /* Products */ = {
			isa = PBXGroup;
			children = (
				B5AF927C2805172300455208 /* Spotify.app */,
				B5AF92922805172600455208 /* SpotifyTests.xctest */,
				B5AF929C2805172600455208 /* SpotifyUITests.xctest */,
			);
			name = Products;
			sourceTree = "<group>";
		};
		B5AF927E2805172300455208 /* Spotify */ = {
			isa = PBXGroup;
			children = (
				B5A42C3B282599BB004B4DE0 /* Resources */,
				B5A42C3A282599A5004B4DE0 /* Managers */,
				B5A42C3928259997004B4DE0 /* ViewModels */,
				B5A42C3828259987004B4DE0 /* Models */,
				B5A42C372825997D004B4DE0 /* Views */,
				B5A42C3628259971004B4DE0 /* Controllers */,
				B5AF928D2805172600455208 /* Info.plist */,
			);
			path = Spotify;
			sourceTree = "<group>";
		};
		B5AF92952805172600455208 /* SpotifyTests */ = {
			isa = PBXGroup;
			children = (
				B5AF92962805172600455208 /* SpotifyTests.swift */,
			);
			path = SpotifyTests;
			sourceTree = "<group>";
		};
		B5AF929F2805172600455208 /* SpotifyUITests */ = {
			isa = PBXGroup;
			children = (
				B5AF92A02805172600455208 /* SpotifyUITests.swift */,
				B5AF92A22805172600455208 /* SpotifyUITestsLaunchTests.swift */,
			);
			path = SpotifyUITests;
			sourceTree = "<group>";
		};
/* End PBXGroup section */

/* Begin PBXNativeTarget section */
		B5AF927B2805172300455208 /* Spotify */ = {
			isa = PBXNativeTarget;
			buildConfigurationList = B5AF92A62805172600455208 /* Build configuration list for PBXNativeTarget "Spotify" */;
			buildPhases = (
				B5AF92782805172300455208 /* Sources */,
				B5AF92792805172300455208 /* Frameworks */,
				B5AF927A2805172300455208 /* Resources */,
			);
			buildRules = (
			);
			dependencies = (
			);
			name = Spotify;
			productName = Spotify;
			productReference = B5AF927C2805172300455208 /* Spotify.app */;
			productType = "com.apple.product-type.application";
		};
		B5AF92912805172600455208 /* SpotifyTests */ = {
			isa = PBXNativeTarget;
			buildConfigurationList = B5AF92A92805172600455208 /* Build configuration list for PBXNativeTarget "SpotifyTests" */;
			buildPhases = (
				B5AF928E2805172600455208 /* Sources */,
				B5AF928F2805172600455208 /* Frameworks */,
				B5AF92902805172600455208 /* Resources */,
			);
			buildRules = (
			);
			dependencies = (
				B5AF92942805172600455208 /* PBXTargetDependency */,
			);
			name = SpotifyTests;
			productName = SpotifyTests;
			productReference = B5AF92922805172600455208 /* SpotifyTests.xctest */;
			productType = "com.apple.product-type.bundle.unit-test";
		};
		B5AF929B2805172600455208 /* SpotifyUITests */ = {
			isa = PBXNativeTarget;
			buildConfigurationList = B5AF92AC2805172600455208 /* Build configuration list for PBXNativeTarget "SpotifyUITests" */;
			buildPhases = (
				B5AF92982805172600455208 /* Sources */,
				B5AF92992805172600455208 /* Frameworks */,
				B5AF929A2805172600455208 /* Resources */,
			);
			buildRules = (
			);
			dependencies = (
				B5AF929E2805172600455208 /* PBXTargetDependency */,
			);
			name = SpotifyUITests;
			productName = SpotifyUITests;
			productReference = B5AF929C2805172600455208 /* SpotifyUITests.xctest */;
			productType = "com.apple.product-type.bundle.ui-testing";
		};
/* End PBXNativeTarget section */

/* Begin PBXProject section */
		B5AF92742805172300455208 /* Project object */ = {
			isa = PBXProject;
			attributes = {
				BuildIndependentTargetsInParallel = 1;
				LastSwiftUpdateCheck = 1330;
				LastUpgradeCheck = 1330;
				TargetAttributes = {
					B5AF927B2805172300455208 = {
						CreatedOnToolsVersion = 13.3;
					};
					B5AF92912805172600455208 = {
						CreatedOnToolsVersion = 13.3;
						TestTargetID = B5AF927B2805172300455208;
					};
					B5AF929B2805172600455208 = {
						CreatedOnToolsVersion = 13.3;
						TestTargetID = B5AF927B2805172300455208;
					};
				};
			};
			buildConfigurationList = B5AF92772805172300455208 /* Build configuration list for PBXProject "Spotify" */;
			compatibilityVersion = "Xcode 13.0";
			developmentRegion = en;
			hasScannedForEncodings = 0;
			knownRegions = (
				en,
				Base,
			);
			mainGroup = B5AF92732805172300455208;
			productRefGroup = B5AF927D2805172300455208 /* Products */;
			projectDirPath = "";
			projectRoot = "";
			targets = (
				B5AF927B2805172300455208 /* Spotify */,
				B5AF92912805172600455208 /* SpotifyTests */,
				B5AF929B2805172600455208 /* SpotifyUITests */,
			);
		};
/* End PBXProject section */

/* Begin PBXResourcesBuildPhase section */
		B5AF927A2805172300455208 /* Resources */ = {
			isa = PBXResourcesBuildPhase;
			buildActionMask = 2147483647;
			files = (
				B5AF928C2805172600455208 /* LaunchScreen.storyboard in Resources */,
				B5AF92892805172600455208 /* Assets.xcassets in Resources */,
			);
			runOnlyForDeploymentPostprocessing = 0;
		};
		B5AF92902805172600455208 /* Resources */ = {
			isa = PBXResourcesBuildPhase;
			buildActionMask = 2147483647;
			files = (
			);
			runOnlyForDeploymentPostprocessing = 0;
		};
		B5AF929A2805172600455208 /* Resources */ = {
			isa = PBXResourcesBuildPhase;
			buildActionMask = 2147483647;
			files = (
			);
			runOnlyForDeploymentPostprocessing = 0;
		};
/* End PBXResourcesBuildPhase section */

/* Begin PBXSourcesBuildPhase section */
		B5AF92782805172300455208 /* Sources */ = {
			isa = PBXSourcesBuildPhase;
			buildActionMask = 2147483647;
			files = (
				B5A42C3F28259C7E004B4DE0 /* SearchViewController.swift in Sources */,
				B5A42C5928259E1E004B4DE0 /* Playlist.swift in Sources */,
				B5A42C5328259DCA004B4DE0 /* AuthManager.swift in Sources */,
				B5A42C4728259D1F004B4DE0 /* WelcomeViewController.swift in Sources */,
				B5A42C4B28259D46004B4DE0 /* ProfileViewController.swift in Sources */,
				B5A42C3D28259C52004B4DE0 /* TabBarViewController.swift in Sources */,
				B5AF92842805172300455208 /* HomeViewController.swift in Sources */,
				B5A42C5728259DF0004B4DE0 /* HapticsManager.swift in Sources */,
				B522A8EE2825FAD9008E61A0 /* AuthResponse.swift in Sources */,
				B5A42C5B28259E31004B4DE0 /* AudioTrack.swift in Sources */,
				B5A42C4528259D0B004B4DE0 /* AuthViewController.swift in Sources */,
				B5AF92802805172300455208 /* AppDelegate.swift in Sources */,
				B5A42C4128259C97004B4DE0 /* LibraryViewController.swift in Sources */,
				B5A42C5F28259E5A004B4DE0 /* UserProfile.swift in Sources */,
				B5A42C612825A95C004B4DE0 /* Extensions.swift in Sources */,
				B5A42C4F28259D6E004B4DE0 /* PlaylistViewController.swift in Sources */,
				B5A42C5D28259E3F004B4DE0 /* Artist.swift in Sources */,
				B5AF92822805172300455208 /* SceneDelegate.swift in Sources */,
				B5A42C4D28259D54004B4DE0 /* PlayerViewController.swift in Sources */,
				B5A42C5128259D8A004B4DE0 /* SearchResultViewController.swift in Sources */,
				B5A42C5528259DDC004B4DE0 /* APICaller.swift in Sources */,
				B5A42C4928259D38004B4DE0 /* SettingsViewController.swift in Sources */,
			);
			runOnlyForDeploymentPostprocessing = 0;
		};
		B5AF928E2805172600455208 /* Sources */ = {
			isa = PBXSourcesBuildPhase;
			buildActionMask = 2147483647;
			files = (
				B5AF92972805172600455208 /* SpotifyTests.swift in Sources */,
			);
			runOnlyForDeploymentPostprocessing = 0;
		};
		B5AF92982805172600455208 /* Sources */ = {
			isa = PBXSourcesBuildPhase;
			buildActionMask = 2147483647;
			files = (
				B5AF92A12805172600455208 /* SpotifyUITests.swift in Sources */,
				B5AF92A32805172600455208 /* SpotifyUITestsLaunchTests.swift in Sources */,
			);
			runOnlyForDeploymentPostprocessing = 0;
		};
/* End PBXSourcesBuildPhase section */

/* Begin PBXTargetDependency section */
		B5AF92942805172600455208 /* PBXTargetDependency */ = {
			isa = PBXTargetDependency;
			target = B5AF927B2805172300455208 /* Spotify */;
			targetProxy = B5AF92932805172600455208 /* PBXContainerItemProxy */;
		};
		B5AF929E2805172600455208 /* PBXTargetDependency */ = {
			isa = PBXTargetDependency;
			target = B5AF927B2805172300455208 /* Spotify */;
			targetProxy = B5AF929D2805172600455208 /* PBXContainerItemProxy */;
		};
/* End PBXTargetDependency section */

/* Begin PBXVariantGroup section */
		B5AF928A2805172600455208 /* LaunchScreen.storyboard */ = {
			isa = PBXVariantGroup;
			children = (
				B5AF928B2805172600455208 /* Base */,
			);
			name = LaunchScreen.storyboard;
			sourceTree = "<group>";
		};
/* End PBXVariantGroup section */

/* Begin XCBuildConfiguration section */
		B5AF92A42805172600455208 /* Debug */ = {
			isa = XCBuildConfiguration;
			buildSettings = {
				ALWAYS_SEARCH_USER_PATHS = NO;
				CLANG_ANALYZER_NONNULL = YES;
				CLANG_ANALYZER_NUMBER_OBJECT_CONVERSION = YES_AGGRESSIVE;
				CLANG_CXX_LANGUAGE_STANDARD = "gnu++17";
				CLANG_ENABLE_MODULES = YES;
				CLANG_ENABLE_OBJC_ARC = YES;
				CLANG_ENABLE_OBJC_WEAK = YES;
				CLANG_WARN_BLOCK_CAPTURE_AUTORELEASING = YES;
				CLANG_WARN_BOOL_CONVERSION = YES;
				CLANG_WARN_COMMA = YES;
				CLANG_WARN_CONSTANT_CONVERSION = YES;
				CLANG_WARN_DEPRECATED_OBJC_IMPLEMENTATIONS = YES;
				CLANG_WARN_DIRECT_OBJC_ISA_USAGE = YES_ERROR;
				CLANG_WARN_DOCUMENTATION_COMMENTS = YES;
				CLANG_WARN_EMPTY_BODY = YES;
				CLANG_WARN_ENUM_CONVERSION = YES;
				CLANG_WARN_INFINITE_RECURSION = YES;
				CLANG_WARN_INT_CONVERSION = YES;
				CLANG_WARN_NON_LITERAL_NULL_CONVERSION = YES;
				CLANG_WARN_OBJC_IMPLICIT_RETAIN_SELF = YES;
				CLANG_WARN_OBJC_LITERAL_CONVERSION = YES;
				CLANG_WARN_OBJC_ROOT_CLASS = YES_ERROR;
				CLANG_WARN_QUOTED_INCLUDE_IN_FRAMEWORK_HEADER = YES;
				CLANG_WARN_RANGE_LOOP_ANALYSIS = YES;
				CLANG_WARN_STRICT_PROTOTYPES = YES;
				CLANG_WARN_SUSPICIOUS_MOVE = YES;
				CLANG_WARN_UNGUARDED_AVAILABILITY = YES_AGGRESSIVE;
				CLANG_WARN_UNREACHABLE_CODE = YES;
				CLANG_WARN__DUPLICATE_METHOD_MATCH = YES;
				COPY_PHASE_STRIP = NO;
				DEBUG_INFORMATION_FORMAT = dwarf;
				ENABLE_STRICT_OBJC_MSGSEND = YES;
				ENABLE_TESTABILITY = YES;
				GCC_C_LANGUAGE_STANDARD = gnu11;
				GCC_DYNAMIC_NO_PIC = NO;
				GCC_NO_COMMON_BLOCKS = YES;
				GCC_OPTIMIZATION_LEVEL = 0;
				GCC_PREPROCESSOR_DEFINITIONS = (
					"DEBUG=1",
					"$(inherited)",
				);
				GCC_WARN_64_TO_32_BIT_CONVERSION = YES;
				GCC_WARN_ABOUT_RETURN_TYPE = YES_ERROR;
				GCC_WARN_UNDECLARED_SELECTOR = YES;
				GCC_WARN_UNINITIALIZED_AUTOS = YES_AGGRESSIVE;
				GCC_WARN_UNUSED_FUNCTION = YES;
				GCC_WARN_UNUSED_VARIABLE = YES;
				IPHONEOS_DEPLOYMENT_TARGET = 15.4;
				MTL_ENABLE_DEBUG_INFO = INCLUDE_SOURCE;
				MTL_FAST_MATH = YES;
				ONLY_ACTIVE_ARCH = YES;
				SDKROOT = iphoneos;
				SWIFT_ACTIVE_COMPILATION_CONDITIONS = DEBUG;
				SWIFT_OPTIMIZATION_LEVEL = "-Onone";
			};
			name = Debug;
		};
		B5AF92A52805172600455208 /* Release */ = {
			isa = XCBuildConfiguration;
			buildSettings = {
				ALWAYS_SEARCH_USER_PATHS = NO;
				CLANG_ANALYZER_NONNULL = YES;
				CLANG_ANALYZER_NUMBER_OBJECT_CONVERSION = YES_AGGRESSIVE;
				CLANG_CXX_LANGUAGE_STANDARD = "gnu++17";
				CLANG_ENABLE_MODULES = YES;
				CLANG_ENABLE_OBJC_ARC = YES;
				CLANG_ENABLE_OBJC_WEAK = YES;
				CLANG_WARN_BLOCK_CAPTURE_AUTORELEASING = YES;
				CLANG_WARN_BOOL_CONVERSION = YES;
				CLANG_WARN_COMMA = YES;
				CLANG_WARN_CONSTANT_CONVERSION = YES;
				CLANG_WARN_DEPRECATED_OBJC_IMPLEMENTATIONS = YES;
				CLANG_WARN_DIRECT_OBJC_ISA_USAGE = YES_ERROR;
				CLANG_WARN_DOCUMENTATION_COMMENTS = YES;
				CLANG_WARN_EMPTY_BODY = YES;
				CLANG_WARN_ENUM_CONVERSION = YES;
				CLANG_WARN_INFINITE_RECURSION = YES;
				CLANG_WARN_INT_CONVERSION = YES;
				CLANG_WARN_NON_LITERAL_NULL_CONVERSION = YES;
				CLANG_WARN_OBJC_IMPLICIT_RETAIN_SELF = YES;
				CLANG_WARN_OBJC_LITERAL_CONVERSION = YES;
				CLANG_WARN_OBJC_ROOT_CLASS = YES_ERROR;
				CLANG_WARN_QUOTED_INCLUDE_IN_FRAMEWORK_HEADER = YES;
				CLANG_WARN_RANGE_LOOP_ANALYSIS = YES;
				CLANG_WARN_STRICT_PROTOTYPES = YES;
				CLANG_WARN_SUSPICIOUS_MOVE = YES;
				CLANG_WARN_UNGUARDED_AVAILABILITY = YES_AGGRESSIVE;
				CLANG_WARN_UNREACHABLE_CODE = YES;
				CLANG_WARN__DUPLICATE_METHOD_MATCH = YES;
				COPY_PHASE_STRIP = NO;
				DEBUG_INFORMATION_FORMAT = "dwarf-with-dsym";
				ENABLE_NS_ASSERTIONS = NO;
				ENABLE_STRICT_OBJC_MSGSEND = YES;
				GCC_C_LANGUAGE_STANDARD = gnu11;
				GCC_NO_COMMON_BLOCKS = YES;
				GCC_WARN_64_TO_32_BIT_CONVERSION = YES;
				GCC_WARN_ABOUT_RETURN_TYPE = YES_ERROR;
				GCC_WARN_UNDECLARED_SELECTOR = YES;
				GCC_WARN_UNINITIALIZED_AUTOS = YES_AGGRESSIVE;
				GCC_WARN_UNUSED_FUNCTION = YES;
				GCC_WARN_UNUSED_VARIABLE = YES;
				IPHONEOS_DEPLOYMENT_TARGET = 15.4;
				MTL_ENABLE_DEBUG_INFO = NO;
				MTL_FAST_MATH = YES;
				SDKROOT = iphoneos;
				SWIFT_COMPILATION_MODE = wholemodule;
				SWIFT_OPTIMIZATION_LEVEL = "-O";
				VALIDATE_PRODUCT = YES;
			};
			name = Release;
		};
		B5AF92A72805172600455208 /* Debug */ = {
			isa = XCBuildConfiguration;
			buildSettings = {
				ASSETCATALOG_COMPILER_APPICON_NAME = AppIcon;
				ASSETCATALOG_COMPILER_GLOBAL_ACCENT_COLOR_NAME = AccentColor;
				CODE_SIGN_STYLE = Automatic;
				CURRENT_PROJECT_VERSION = 1;
				DEVELOPMENT_TEAM = 32J5A52R5P;
				GENERATE_INFOPLIST_FILE = YES;
				INFOPLIST_FILE = Spotify/Info.plist;
				INFOPLIST_KEY_UIApplicationSupportsIndirectInputEvents = YES;
				INFOPLIST_KEY_UILaunchStoryboardName = LaunchScreen;
				INFOPLIST_KEY_UISupportedInterfaceOrientations_iPad = "UIInterfaceOrientationPortrait UIInterfaceOrientationPortraitUpsideDown UIInterfaceOrientationLandscapeLeft UIInterfaceOrientationLandscapeRight";
				INFOPLIST_KEY_UISupportedInterfaceOrientations_iPhone = "UIInterfaceOrientationPortrait UIInterfaceOrientationLandscapeLeft UIInterfaceOrientationLandscapeRight";
				LD_RUNPATH_SEARCH_PATHS = (
					"$(inherited)",
					"@executable_path/Frameworks",
				);
				MARKETING_VERSION = 1.0;
				PRODUCT_BUNDLE_IDENTIFIER = org.codepath.nnguyen.Spotify;
				PRODUCT_NAME = "$(TARGET_NAME)";
				SWIFT_EMIT_LOC_STRINGS = YES;
				SWIFT_VERSION = 5.0;
				TARGETED_DEVICE_FAMILY = "1,2";
			};
			name = Debug;
		};
		B5AF92A82805172600455208 /* Release */ = {
			isa = XCBuildConfiguration;
			buildSettings = {
				ASSETCATALOG_COMPILER_APPICON_NAME = AppIcon;
				ASSETCATALOG_COMPILER_GLOBAL_ACCENT_COLOR_NAME = AccentColor;
				CODE_SIGN_STYLE = Automatic;
				CURRENT_PROJECT_VERSION = 1;
				DEVELOPMENT_TEAM = 32J5A52R5P;
				GENERATE_INFOPLIST_FILE = YES;
				INFOPLIST_FILE = Spotify/Info.plist;
				INFOPLIST_KEY_UIApplicationSupportsIndirectInputEvents = YES;
				INFOPLIST_KEY_UILaunchStoryboardName = LaunchScreen;
				INFOPLIST_KEY_UISupportedInterfaceOrientations_iPad = "UIInterfaceOrientationPortrait UIInterfaceOrientationPortraitUpsideDown UIInterfaceOrientationLandscapeLeft UIInterfaceOrientationLandscapeRight";
				INFOPLIST_KEY_UISupportedInterfaceOrientations_iPhone = "UIInterfaceOrientationPortrait UIInterfaceOrientationLandscapeLeft UIInterfaceOrientationLandscapeRight";
				LD_RUNPATH_SEARCH_PATHS = (
					"$(inherited)",
					"@executable_path/Frameworks",
				);
				MARKETING_VERSION = 1.0;
				PRODUCT_BUNDLE_IDENTIFIER = org.codepath.nnguyen.Spotify;
				PRODUCT_NAME = "$(TARGET_NAME)";
				SWIFT_EMIT_LOC_STRINGS = YES;
				SWIFT_VERSION = 5.0;
				TARGETED_DEVICE_FAMILY = "1,2";
			};
			name = Release;
		};
		B5AF92AA2805172600455208 /* Debug */ = {
			isa = XCBuildConfiguration;
			buildSettings = {
				ALWAYS_EMBED_SWIFT_STANDARD_LIBRARIES = YES;
				BUNDLE_LOADER = "$(TEST_HOST)";
				CODE_SIGN_STYLE = Automatic;
				CURRENT_PROJECT_VERSION = 1;
				DEVELOPMENT_TEAM = 32J5A52R5P;
				GENERATE_INFOPLIST_FILE = YES;
				IPHONEOS_DEPLOYMENT_TARGET = 15.4;
				MARKETING_VERSION = 1.0;
				PRODUCT_BUNDLE_IDENTIFIER = org.codepath.nnguyen.SpotifyTests;
				PRODUCT_NAME = "$(TARGET_NAME)";
				SWIFT_EMIT_LOC_STRINGS = NO;
				SWIFT_VERSION = 5.0;
				TARGETED_DEVICE_FAMILY = "1,2";
				TEST_HOST = "$(BUILT_PRODUCTS_DIR)/Spotify.app/Spotify";
			};
			name = Debug;
		};
		B5AF92AB2805172600455208 /* Release */ = {
			isa = XCBuildConfiguration;
			buildSettings = {
				ALWAYS_EMBED_SWIFT_STANDARD_LIBRARIES = YES;
				BUNDLE_LOADER = "$(TEST_HOST)";
				CODE_SIGN_STYLE = Automatic;
				CURRENT_PROJECT_VERSION = 1;
				DEVELOPMENT_TEAM = 32J5A52R5P;
				GENERATE_INFOPLIST_FILE = YES;
				IPHONEOS_DEPLOYMENT_TARGET = 15.4;
				MARKETING_VERSION = 1.0;
				PRODUCT_BUNDLE_IDENTIFIER = org.codepath.nnguyen.SpotifyTests;
				PRODUCT_NAME = "$(TARGET_NAME)";
				SWIFT_EMIT_LOC_STRINGS = NO;
				SWIFT_VERSION = 5.0;
				TARGETED_DEVICE_FAMILY = "1,2";
				TEST_HOST = "$(BUILT_PRODUCTS_DIR)/Spotify.app/Spotify";
			};
			name = Release;
		};
		B5AF92AD2805172600455208 /* Debug */ = {
			isa = XCBuildConfiguration;
			buildSettings = {
				ALWAYS_EMBED_SWIFT_STANDARD_LIBRARIES = YES;
				CODE_SIGN_STYLE = Automatic;
				CURRENT_PROJECT_VERSION = 1;
				DEVELOPMENT_TEAM = 32J5A52R5P;
				GENERATE_INFOPLIST_FILE = YES;
				MARKETING_VERSION = 1.0;
				PRODUCT_BUNDLE_IDENTIFIER = org.codepath.nnguyen.SpotifyUITests;
				PRODUCT_NAME = "$(TARGET_NAME)";
				SWIFT_EMIT_LOC_STRINGS = NO;
				SWIFT_VERSION = 5.0;
				TARGETED_DEVICE_FAMILY = "1,2";
				TEST_TARGET_NAME = Spotify;
			};
			name = Debug;
		};
		B5AF92AE2805172600455208 /* Release */ = {
			isa = XCBuildConfiguration;
			buildSettings = {
				ALWAYS_EMBED_SWIFT_STANDARD_LIBRARIES = YES;
				CODE_SIGN_STYLE = Automatic;
				CURRENT_PROJECT_VERSION = 1;
				DEVELOPMENT_TEAM = 32J5A52R5P;
				GENERATE_INFOPLIST_FILE = YES;
				MARKETING_VERSION = 1.0;
				PRODUCT_BUNDLE_IDENTIFIER = org.codepath.nnguyen.SpotifyUITests;
				PRODUCT_NAME = "$(TARGET_NAME)";
				SWIFT_EMIT_LOC_STRINGS = NO;
				SWIFT_VERSION = 5.0;
				TARGETED_DEVICE_FAMILY = "1,2";
				TEST_TARGET_NAME = Spotify;
			};
			name = Release;
		};
/* End XCBuildConfiguration section */

/* Begin XCConfigurationList section */
		B5AF92772805172300455208 /* Build configuration list for PBXProject "Spotify" */ = {
			isa = XCConfigurationList;
			buildConfigurations = (
				B5AF92A42805172600455208 /* Debug */,
				B5AF92A52805172600455208 /* Release */,
			);
			defaultConfigurationIsVisible = 0;
			defaultConfigurationName = Release;
		};
		B5AF92A62805172600455208 /* Build configuration list for PBXNativeTarget "Spotify" */ = {
			isa = XCConfigurationList;
			buildConfigurations = (
				B5AF92A72805172600455208 /* Debug */,
				B5AF92A82805172600455208 /* Release */,
			);
			defaultConfigurationIsVisible = 0;
			defaultConfigurationName = Release;
		};
		B5AF92A92805172600455208 /* Build configuration list for PBXNativeTarget "SpotifyTests" */ = {
			isa = XCConfigurationList;
			buildConfigurations = (
				B5AF92AA2805172600455208 /* Debug */,
				B5AF92AB2805172600455208 /* Release */,
			);
			defaultConfigurationIsVisible = 0;
			defaultConfigurationName = Release;
		};
		B5AF92AC2805172600455208 /* Build configuration list for PBXNativeTarget "SpotifyUITests" */ = {
			isa = XCConfigurationList;
			buildConfigurations = (
				B5AF92AD2805172600455208 /* Debug */,
				B5AF92AE2805172600455208 /* Release */,
			);
			defaultConfigurationIsVisible = 0;
			defaultConfigurationName = Release;
		};
/* End XCConfigurationList section */
	};
	rootObject = B5AF92742805172300455208 /* Project object */;
}
